
Microsoft Visual Studio Solution File, Format Version 12.00
# Visual Studio Version 17
VisualStudioVersion = 17.7.34221.43
MinimumVisualStudioVersion = 10.0.40219.1
Project("{D2ABAB84-BF74-430A-B69E-9DC6D40DDA17}") = "Proyecto de Analysis", "Proyecto de Analysis\Proyecto de Analysis.dwproj", "{0C762B18-08B7-4AD1-8BAA-8722DB754DC0}"
EndProject
Global
	GlobalSection(SolutionConfigurationPlatforms) = preSolution
		Development|Default = Development|Default
	EndGlobalSection
	GlobalSection(ProjectConfigurationPlatforms) = postSolution
		{0C762B18-08B7-4AD1-8BAA-8722DB754DC0}.Development|Default.ActiveCfg = Development
		{0C762B18-08B7-4AD1-8BAA-8722DB754DC0}.Development|Default.Build.0 = Development
		{0C762B18-08B7-4AD1-8BAA-8722DB754DC0}.Development|Default.Deploy.0 = Development
	EndGlobalSection
	GlobalSection(SolutionProperties) = preSolution
		HideSolutionNode = FALSE
	EndGlobalSection
	GlobalSection(ExtensibilityGlobals) = postSolution
		SolutionGuid = {E2AB5E30-2529-47FF-AEAC-476C1D8421D4}
	EndGlobalSection
EndGlobal
